{
  "requires": true,
  "lockfileVersion": 1,
  "dependencies": {
    "crypto-js": {
      "version": "4.1.1",
      "resolved": "https://registry.npmjs.org/crypto-js/-/crypto-js-4.1.1.tgz",
      "integrity": "sha512-o2JlM7ydqd3Qk9CA0L4NL6mTzU2sdx96a+oOfPu8Mkl/PK51vSyoi8/rQ8NknZtk44vq15lmhAj9CIAGwgeWKw=="
    },
    "simple-crypto-js": {
      "version": "3.0.1",
      "resolved": "https://registry.npmjs.org/simple-crypto-js/-/simple-crypto-js-3.0.1.tgz",
      "integrity": "sha512-dKhe6jT0WETtXX6NQn9GUTyD6Fp5F9X0ZcUI4XEqZ9dvt4/2h5QxkIl2d+2jH9SXrTBu9m7EsxC8CRaIS8i/dQ==",
      "requires": {
        "crypto-js": "^4.1.1"
      }
    }
  }
}
